
Microsoft Visual Studio Solution File, Format Version 12.00
# Visual Studio Version 17
VisualStudioVersion = 17.14.36414.22 d17.14
MinimumVisualStudioVersion = 10.0.40219.1
Project("{FAE04EC0-301F-11D3-BF4B-00C04F79EFBC}") = "WpfAnalogClock", "WpfAnalogClock.csproj", "{6F0B7114-D8A8-4679-BB80-BDBA5B150061}"
EndProject
Global
	GlobalSection(SolutionConfigurationPlatforms) = preSolution
		Debug|Any CPU = Debug|Any CPU
		Release|Any CPU = Release|Any CPU
	EndGlobalSection
	GlobalSection(ProjectConfigurationPlatforms) = postSolution
		{6F0B7114-D8A8-4679-BB80-BDBA5B150061}.Debug|Any CPU.ActiveCfg = Debug|Any CPU
		{6F0B7114-D8A8-4679-BB80-BDBA5B150061}.Debug|Any CPU.Build.0 = Debug|Any CPU
		{6F0B7114-D8A8-4679-BB80-BDBA5B150061}.Release|Any CPU.ActiveCfg = Release|Any CPU
		{6F0B7114-D8A8-4679-BB80-BDBA5B150061}.Release|Any CPU.Build.0 = Release|Any CPU
	EndGlobalSection
	GlobalSection(SolutionProperties) = preSolution
		HideSolutionNode = FALSE
	EndGlobalSection
	GlobalSection(ExtensibilityGlobals) = postSolution
		SolutionGuid = {70BEA18A-D636-4E6C-B280-E9B80FE95B7F}
	EndGlobalSection
EndGlobal
